
Microsoft Visual Studio Solution File, Format Version 12.00
# Visual Studio Version 16
VisualStudioVersion = 16.0.34031.81
MinimumVisualStudioVersion = 10.0.40219.1
Project("{FAE04EC0-301F-11D3-BF4B-00C04F79EFBC}") = "My_Store", "My_Store.csproj", "{784CCFF1-8A8D-4698-B96C-BAF35D53074C}"
EndProject
Global
	GlobalSection(SolutionConfigurationPlatforms) = preSolution
		Debug|Any CPU = Debug|Any CPU
		Release|Any CPU = Release|Any CPU
	EndGlobalSection
	GlobalSection(ProjectConfigurationPlatforms) = postSolution
		{784CCFF1-8A8D-4698-B96C-BAF35D53074C}.Debug|Any CPU.ActiveCfg = Debug|Any CPU
		{784CCFF1-8A8D-4698-B96C-BAF35D53074C}.Debug|Any CPU.Build.0 = Debug|Any CPU
		{784CCFF1-8A8D-4698-B96C-BAF35D53074C}.Release|Any CPU.ActiveCfg = Release|Any CPU
		{784CCFF1-8A8D-4698-B96C-BAF35D53074C}.Release|Any CPU.Build.0 = Release|Any CPU
	EndGlobalSection
	GlobalSection(SolutionProperties) = preSolution
		HideSolutionNode = FALSE
	EndGlobalSection
	GlobalSection(ExtensibilityGlobals) = postSolution
		SolutionGuid = {DB4B3007-89AE-443B-BC12-5468029780AC}
	EndGlobalSection
EndGlobal
